
Microsoft Visual Studio Solution File, Format Version 12.00
# Visual Studio Version 17
VisualStudioVersion = 17.10.34916.146
MinimumVisualStudioVersion = 10.0.40219.1
Project("{FAE04EC0-301F-11D3-BF4B-00C04F79EFBC}") = "bigInventory", "bigInventory.csproj", "{288B017E-C500-4311-B1C9-9DC2C9DDA89E}"
EndProject
Global
	GlobalSection(SolutionConfigurationPlatforms) = preSolution
		Debug|Any CPU = Debug|Any CPU
		Debug|x64 = Debug|x64
		Release|Any CPU = Release|Any CPU
		Release|x64 = Release|x64
	EndGlobalSection
	GlobalSection(ProjectConfigurationPlatforms) = postSolution
		{288B017E-C500-4311-B1C9-9DC2C9DDA89E}.Debug|Any CPU.ActiveCfg = Debug|Any CPU
		{288B017E-C500-4311-B1C9-9DC2C9DDA89E}.Debug|Any CPU.Build.0 = Debug|Any CPU
		{288B017E-C500-4311-B1C9-9DC2C9DDA89E}.Debug|x64.ActiveCfg = Debug|x64
		{288B017E-C500-4311-B1C9-9DC2C9DDA89E}.Debug|x64.Build.0 = Debug|x64
		{288B017E-C500-4311-B1C9-9DC2C9DDA89E}.Release|Any CPU.ActiveCfg = Release|Any CPU
		{288B017E-C500-4311-B1C9-9DC2C9DDA89E}.Release|Any CPU.Build.0 = Release|Any CPU
		{288B017E-C500-4311-B1C9-9DC2C9DDA89E}.Release|x64.ActiveCfg = Release|Any CPU
		{288B017E-C500-4311-B1C9-9DC2C9DDA89E}.Release|x64.Build.0 = Release|Any CPU
	EndGlobalSection
	GlobalSection(SolutionProperties) = preSolution
		HideSolutionNode = FALSE
	EndGlobalSection
	GlobalSection(ExtensibilityGlobals) = postSolution
		SolutionGuid = {D568E2D8-7837-4525-A51A-10A29D42F686}
	EndGlobalSection
EndGlobal
